
Microsoft Visual Studio Solution File, Format Version 12.00
# Visual Studio Version 17
VisualStudioVersion = 17.5.33424.131
MinimumVisualStudioVersion = 10.0.40219.1
Project("{9A19103F-16F7-4668-BE54-9A1E7A4F7556}") = "Epsa.Server", "Server\Epsa.Server.csproj", "{ED8F6C12-7104-4597-91CE-13C198A755CB}"
EndProject
Project("{9A19103F-16F7-4668-BE54-9A1E7A4F7556}") = "Epsa.Client", "Client\Epsa.Client.csproj", "{D0E6119F-2133-4FE9-B7EE-DE55BF3463C7}"
EndProject
Project("{9A19103F-16F7-4668-BE54-9A1E7A4F7556}") = "Epsa.Shared", "Shared\Epsa.Shared.csproj", "{BA6FAB4C-FD65-425D-85AE-776D96C91158}"
EndProject
Global
	GlobalSection(SolutionConfigurationPlatforms) = preSolution
		Debug|Any CPU = Debug|Any CPU
		Release|Any CPU = Release|Any CPU
	EndGlobalSection
	GlobalSection(ProjectConfigurationPlatforms) = postSolution
		{ED8F6C12-7104-4597-91CE-13C198A755CB}.Debug|Any CPU.ActiveCfg = Debug|Any CPU
		{ED8F6C12-7104-4597-91CE-13C198A755CB}.Debug|Any CPU.Build.0 = Debug|Any CPU
		{ED8F6C12-7104-4597-91CE-13C198A755CB}.Release|Any CPU.ActiveCfg = Release|Any CPU
		{ED8F6C12-7104-4597-91CE-13C198A755CB}.Release|Any CPU.Build.0 = Release|Any CPU
		{D0E6119F-2133-4FE9-B7EE-DE55BF3463C7}.Debug|Any CPU.ActiveCfg = Debug|Any CPU
		{D0E6119F-2133-4FE9-B7EE-DE55BF3463C7}.Debug|Any CPU.Build.0 = Debug|Any CPU
		{D0E6119F-2133-4FE9-B7EE-DE55BF3463C7}.Release|Any CPU.ActiveCfg = Release|Any CPU
		{D0E6119F-2133-4FE9-B7EE-DE55BF3463C7}.Release|Any CPU.Build.0 = Release|Any CPU
		{BA6FAB4C-FD65-425D-85AE-776D96C91158}.Debug|Any CPU.ActiveCfg = Debug|Any CPU
		{BA6FAB4C-FD65-425D-85AE-776D96C91158}.Debug|Any CPU.Build.0 = Debug|Any CPU
		{BA6FAB4C-FD65-425D-85AE-776D96C91158}.Release|Any CPU.ActiveCfg = Release|Any CPU
		{BA6FAB4C-FD65-425D-85AE-776D96C91158}.Release|Any CPU.Build.0 = Release|Any CPU
	EndGlobalSection
	GlobalSection(SolutionProperties) = preSolution
		HideSolutionNode = FALSE
	EndGlobalSection
	GlobalSection(ExtensibilityGlobals) = postSolution
		SolutionGuid = {EF9C3FC0-089E-4E88-8F9E-FC152907EBC3}
	EndGlobalSection
EndGlobal
